
Microsoft Visual Studio Solution File, Format Version 11.00
# Visual Studio 2010
Project("{FAE04EC0-301F-11D3-BF4B-00C04F79EFBC}") = "Spooky_Crow", "Assembly-CSharp.csproj", "{D206A0D2-4D62-8F5A-0855-5875EA9CED51}"
EndProject
Project("{FAE04EC0-301F-11D3-BF4B-00C04F79EFBC}") = "Spooky_Crow", "Assembly-CSharp-firstpass.csproj", "{8B3CE2F0-ECAA-0B82-216C-2E8A1F95529B}"
EndProject
Project("{FAE04EC0-301F-11D3-BF4B-00C04F79EFBC}") = "Spooky_Crow", "Assembly-CSharp-Editor.csproj", "{463E458F-128B-1DB2-332C-DE51C31130FF}"
EndProject
Project("{FAE04EC0-301F-11D3-BF4B-00C04F79EFBC}") = "Spooky_Crow", "Assembly-CSharp-Editor-firstpass.csproj", "{13FE820F-DAFA-8FE1-F06A-F74D9DD44672}"
EndProject
Global
	GlobalSection(SolutionConfigurationPlatforms) = preSolution
		Debug|Any CPU = Debug|Any CPU
		Release|Any CPU = Release|Any CPU
	EndGlobalSection
	GlobalSection(ProjectConfigurationPlatforms) = postSolution
		{D206A0D2-4D62-8F5A-0855-5875EA9CED51}.Debug|Any CPU.ActiveCfg = Debug|Any CPU
		{D206A0D2-4D62-8F5A-0855-5875EA9CED51}.Debug|Any CPU.Build.0 = Debug|Any CPU
		{D206A0D2-4D62-8F5A-0855-5875EA9CED51}.Release|Any CPU.ActiveCfg = Release|Any CPU
		{D206A0D2-4D62-8F5A-0855-5875EA9CED51}.Release|Any CPU.Build.0 = Release|Any CPU
		{8B3CE2F0-ECAA-0B82-216C-2E8A1F95529B}.Debug|Any CPU.ActiveCfg = Debug|Any CPU
		{8B3CE2F0-ECAA-0B82-216C-2E8A1F95529B}.Debug|Any CPU.Build.0 = Debug|Any CPU
		{8B3CE2F0-ECAA-0B82-216C-2E8A1F95529B}.Release|Any CPU.ActiveCfg = Release|Any CPU
		{8B3CE2F0-ECAA-0B82-216C-2E8A1F95529B}.Release|Any CPU.Build.0 = Release|Any CPU
		{463E458F-128B-1DB2-332C-DE51C31130FF}.Debug|Any CPU.ActiveCfg = Debug|Any CPU
		{463E458F-128B-1DB2-332C-DE51C31130FF}.Debug|Any CPU.Build.0 = Debug|Any CPU
		{463E458F-128B-1DB2-332C-DE51C31130FF}.Release|Any CPU.ActiveCfg = Release|Any CPU
		{463E458F-128B-1DB2-332C-DE51C31130FF}.Release|Any CPU.Build.0 = Release|Any CPU
		{13FE820F-DAFA-8FE1-F06A-F74D9DD44672}.Debug|Any CPU.ActiveCfg = Debug|Any CPU
		{13FE820F-DAFA-8FE1-F06A-F74D9DD44672}.Debug|Any CPU.Build.0 = Debug|Any CPU
		{13FE820F-DAFA-8FE1-F06A-F74D9DD44672}.Release|Any CPU.ActiveCfg = Release|Any CPU
		{13FE820F-DAFA-8FE1-F06A-F74D9DD44672}.Release|Any CPU.Build.0 = Release|Any CPU
	EndGlobalSection
	GlobalSection(SolutionProperties) = preSolution
		HideSolutionNode = FALSE
	EndGlobalSection
	GlobalSection(MonoDevelopProperties) = preSolution
		StartupItem = Assembly-CSharp.csproj
	EndGlobalSection
EndGlobal
